
Microsoft Visual Studio Solution File, Format Version 12.00
# Visual Studio Version 17
VisualStudioVersion = 17.6.33815.320
MinimumVisualStudioVersion = 10.0.40219.1
Project("{FAE04EC0-301F-11D3-BF4B-00C04F79EFBC}") = "Film", "Film\Film.csproj", "{C594F5FD-402F-4401-9204-60FA8E1B3386}"
EndProject
Project("{FAE04EC0-301F-11D3-BF4B-00C04F79EFBC}") = "console", "console\console.csproj", "{95C06622-551C-46E4-9EFF-AC2C49FCA01E}"
EndProject
Project("{FAE04EC0-301F-11D3-BF4B-00C04F79EFBC}") = "MesFilms", "MesFilms\MesFilms.csproj", "{5A56790C-DE44-4A3C-A62C-A2C5A33D9712}"
EndProject
Global
	GlobalSection(SolutionConfigurationPlatforms) = preSolution
		Debug|Any CPU = Debug|Any CPU
		Release|Any CPU = Release|Any CPU
	EndGlobalSection
	GlobalSection(ProjectConfigurationPlatforms) = postSolution
		{C594F5FD-402F-4401-9204-60FA8E1B3386}.Debug|Any CPU.ActiveCfg = Debug|Any CPU
		{C594F5FD-402F-4401-9204-60FA8E1B3386}.Debug|Any CPU.Build.0 = Debug|Any CPU
		{C594F5FD-402F-4401-9204-60FA8E1B3386}.Release|Any CPU.ActiveCfg = Release|Any CPU
		{C594F5FD-402F-4401-9204-60FA8E1B3386}.Release|Any CPU.Build.0 = Release|Any CPU
		{95C06622-551C-46E4-9EFF-AC2C49FCA01E}.Debug|Any CPU.ActiveCfg = Debug|Any CPU
		{95C06622-551C-46E4-9EFF-AC2C49FCA01E}.Debug|Any CPU.Build.0 = Debug|Any CPU
		{95C06622-551C-46E4-9EFF-AC2C49FCA01E}.Release|Any CPU.ActiveCfg = Release|Any CPU
		{95C06622-551C-46E4-9EFF-AC2C49FCA01E}.Release|Any CPU.Build.0 = Release|Any CPU
		{5A56790C-DE44-4A3C-A62C-A2C5A33D9712}.Debug|Any CPU.ActiveCfg = Debug|Any CPU
		{5A56790C-DE44-4A3C-A62C-A2C5A33D9712}.Debug|Any CPU.Build.0 = Debug|Any CPU
		{5A56790C-DE44-4A3C-A62C-A2C5A33D9712}.Release|Any CPU.ActiveCfg = Release|Any CPU
		{5A56790C-DE44-4A3C-A62C-A2C5A33D9712}.Release|Any CPU.Build.0 = Release|Any CPU
	EndGlobalSection
	GlobalSection(SolutionProperties) = preSolution
		HideSolutionNode = FALSE
	EndGlobalSection
	GlobalSection(ExtensibilityGlobals) = postSolution
		SolutionGuid = {FC08D624-6ABD-4B50-A7FF-61E49788A23F}
	EndGlobalSection
EndGlobal
